
Microsoft Visual Studio Solution File, Format Version 12.00
# Visual Studio Version 17
VisualStudioVersion = 17.0.31815.197
MinimumVisualStudioVersion = 10.0.40219.1
Project("{2150E333-8FDC-42A3-9474-1A3956D46DE8}") = "1.WebApp", "1.WebApp", "{DD97092D-88D4-4BCD-9026-8CB1FE9F956A}"
EndProject
Project("{2150E333-8FDC-42A3-9474-1A3956D46DE8}") = "2.Services", "2.Services", "{B2E09202-A28B-43E2-B74D-7B35C10D160F}"
EndProject
Project("{2150E333-8FDC-42A3-9474-1A3956D46DE8}") = "2.1.Cadastro", "2.1.Cadastro", "{422B9B48-86D5-42BF-BAF7-DF8AEC16F7D1}"
EndProject
Project("{2150E333-8FDC-42A3-9474-1A3956D46DE8}") = "2.2.Core", "2.2.Core", "{952A48E2-2990-4A2C-B3BE-8BD27B5FFF39}"
EndProject
Project("{2150E333-8FDC-42A3-9474-1A3956D46DE8}") = "2.3.Loja", "2.3.Loja", "{2842AADC-C7BA-405B-B40B-92FE816E5898}"
EndProject
Project("{2150E333-8FDC-42A3-9474-1A3956D46DE8}") = "2.4.Vendas", "2.4.Vendas", "{7E503A22-C30A-4AC1-A3AB-2EBFAC5B68D0}"
EndProject
Project("{2150E333-8FDC-42A3-9474-1A3956D46DE8}") = "2.5.Pagamentos", "2.5.Pagamentos", "{8FF852C6-404A-4203-8740-A053D98530F0}"
EndProject
Project("{2150E333-8FDC-42A3-9474-1A3956D46DE8}") = "2.6.Fiscal", "2.6.Fiscal", "{55D29C16-CDEE-4F18-A100-D104447FE6D7}"
EndProject
Project("{9A19103F-16F7-4668-BE54-9A1E7A4F7556}") = "AVS.WebApp.MVC", "src\WebApp\AVS.WebApp.MVC\AVS.WebApp.MVC.csproj", "{BAF2F412-B1A5-46A7-842D-F442989764DB}"
EndProject
Project("{2150E333-8FDC-42A3-9474-1A3956D46DE8}") = "1.1.MVC", "1.1.MVC", "{984FF612-4F02-4BB2-9181-2696BDD1C3D4}"
EndProject
Project("{9A19103F-16F7-4668-BE54-9A1E7A4F7556}") = "AVS.Cadastro.Domain", "src\Services\Domains\AVS.Cadastro.Domain\AVS.Cadastro.Domain.csproj", "{83C28B74-25BF-4A3D-8C0B-91493A433044}"
EndProject
Project("{9A19103F-16F7-4668-BE54-9A1E7A4F7556}") = "AVS.Cadastro.Application", "src\Services\Applications\AVS.Cadastro.Application\AVS.Cadastro.Application.csproj", "{C013DCF6-38C0-4451-B8A9-C1FE58C1D285}"
EndProject
Project("{9A19103F-16F7-4668-BE54-9A1E7A4F7556}") = "AVS.Cadastro.Data", "src\Services\Infra\Data\AVS.Cadastro.Data\AVS.Cadastro.Data.csproj", "{76F03A47-540E-44F7-9D6D-8F4245876D49}"
EndProject
Project("{9A19103F-16F7-4668-BE54-9A1E7A4F7556}") = "AVS.Core", "src\Core\AVS.Core\AVS.Core.csproj", "{7C5FF7EE-4EB5-4D55-A745-711C9E53BBE5}"
EndProject
Project("{9A19103F-16F7-4668-BE54-9A1E7A4F7556}") = "AVS.Loja.Application", "src\Services\Applications\AVS.Loja.Application\AVS.Loja.Application.csproj", "{9E10BEB3-E2B0-4125-BD4C-065ED48BBCAB}"
EndProject
Project("{9A19103F-16F7-4668-BE54-9A1E7A4F7556}") = "AVS.Loja.Domain", "src\Services\Domains\AVS.Loja.Domain\AVS.Loja.Domain.csproj", "{1FA22FCB-F40D-4432-A823-AC6790915E95}"
EndProject
Project("{9A19103F-16F7-4668-BE54-9A1E7A4F7556}") = "AVS.Loja.Data", "src\Services\Infra\Data\AVS.Loja.Data\AVS.Loja.Data.csproj", "{2D9B9F2D-6024-4F25-AEFD-E5DA4F0412AC}"
EndProject
Project("{9A19103F-16F7-4668-BE54-9A1E7A4F7556}") = "AVS.Vendas.Application", "src\Services\Applications\AVS.Vendas.Application\AVS.Vendas.Application.csproj", "{15AB2BD0-CEDF-4E8D-8213-B5B870F4A2CC}"
EndProject
Project("{9A19103F-16F7-4668-BE54-9A1E7A4F7556}") = "AVS.Vendas.Domain", "src\Services\Domains\AVS.Vendas.Domain\AVS.Vendas.Domain.csproj", "{F21D5CD0-6BEC-4695-B6FE-C683D28C857B}"
EndProject
Project("{9A19103F-16F7-4668-BE54-9A1E7A4F7556}") = "AVS.Vendas.Data", "src\Services\Infra\Data\AVS.Vendas.Data\AVS.Vendas.Data.csproj", "{D532B359-FAAD-42CB-9014-7F864800A666}"
EndProject
Project("{9A19103F-16F7-4668-BE54-9A1E7A4F7556}") = "AVS.Pagamentos.AntiCorruptions", "src\Services\Infra\AntiCorruption\AVS.Pagamentos.AntiCorruptions\AVS.Pagamentos.AntiCorruptions.csproj", "{CA041900-DAF1-4692-A117-267FC8F346FD}"
EndProject
Project("{9A19103F-16F7-4668-BE54-9A1E7A4F7556}") = "AVS.Pagamentos.Business", "src\Services\Domains\AVS.Pagamentos.Business\AVS.Pagamentos.Business.csproj", "{670F9A20-50D9-445C-955D-7F9DE8395B36}"
EndProject
Project("{9A19103F-16F7-4668-BE54-9A1E7A4F7556}") = "AVS.Pagamentos.Data", "src\Services\Infra\Data\AVS.Pagamentos.Data\AVS.Pagamentos.Data.csproj", "{35A2D370-B367-41F4-8E62-4A67798A8C24}"
EndProject
Project("{9A19103F-16F7-4668-BE54-9A1E7A4F7556}") = "AVS.Fiscal.Application", "src\Services\Applications\AVS.Fiscal.Application\AVS.Fiscal.Application.csproj", "{6630B28B-359E-4FC6-9EE9-C9EFCF32286E}"
EndProject
Project("{9A19103F-16F7-4668-BE54-9A1E7A4F7556}") = "AVS.Fiscal.Domain", "src\Services\Domains\AVS.Fiscal.Domain\AVS.Fiscal.Domain.csproj", "{67E46260-E960-4538-9FFB-86796E8E1741}"
EndProject
Project("{9A19103F-16F7-4668-BE54-9A1E7A4F7556}") = "AVS.Fiscal.Data", "src\Services\Infra\Data\AVS.Fiscal.Data\AVS.Fiscal.Data.csproj", "{A580EB3A-8EFE-49B1-8EE3-C0E3FF6E9FCA}"
EndProject
Project("{2150E333-8FDC-42A3-9474-1A3956D46DE8}") = "3.Documentacao", "3.Documentacao", "{3D98E6AF-3E96-4EB6-AA5E-B732AE0C3744}"
EndProject
Project("{9A19103F-16F7-4668-BE54-9A1E7A4F7556}") = "AVS.Documentacao.API", "src\Documentacao\AVS.Documentacao.API\AVS.Documentacao.API.csproj", "{0DF06314-1B09-4991-938A-C4917A7C513C}"
EndProject
Project("{2150E333-8FDC-42A3-9474-1A3956D46DE8}") = "2.7.Identidade", "2.7.Identidade", "{2633F3E0-E3EC-4701-A66D-2C188C3A84B7}"
EndProject
Project("{9A19103F-16F7-4668-BE54-9A1E7A4F7556}") = "AVS.Identidade.API", "src\Services\Identidade\AVS.Identidade.API\AVS.Identidade.API.csproj", "{CBFB4501-716D-40AA-9CEF-FCB90894A877}"
EndProject
Project("{2150E333-8FDC-42A3-9474-1A3956D46DE8}") = "2.8.Banda", "2.8.Banda", "{1C40EBFA-63B2-431F-8EDA-45209377081C}"
EndProject
Project("{9A19103F-16F7-4668-BE54-9A1E7A4F7556}") = "AVS.Banda.Domain", "src\Services\Domains\AVS.Banda.Domain\AVS.Banda.Domain.csproj", "{158EF799-485F-4A94-982B-1B8C3CE4EDA3}"
EndProject
Project("{2150E333-8FDC-42A3-9474-1A3956D46DE8}") = "4.Testes", "4.Testes", "{00E3C3EB-3552-4E3B-AE2A-F2F5B99CA0EE}"
EndProject
Project("{2150E333-8FDC-42A3-9474-1A3956D46DE8}") = "4.1.Cadastro", "4.1.Cadastro", "{2AF7F1C1-3538-4481-A8E9-75AAC32C4917}"
EndProject
Project("{9A19103F-16F7-4668-BE54-9A1E7A4F7556}") = "AVS.Cadastro.Domain.Testes", "Testes\Cadastro\AVS.Cadastro.Domain.Testes\AVS.Cadastro.Domain.Testes.csproj", "{CC87D3A3-4798-42BF-BAA2-D5F7AC402666}"
EndProject
Project("{2150E333-8FDC-42A3-9474-1A3956D46DE8}") = "Solution Items", "Solution Items", "{D7A084E8-BC35-4EE5-A9A5-6E30C3B9EA6F}"
	ProjectSection(SolutionItems) = preProject
		.editorconfig = .editorconfig
	EndProjectSection
EndProject
Project("{9A19103F-16F7-4668-BE54-9A1E7A4F7556}") = "AVS.Infra.CrossCutting", "src\Services\Infra\CrossCutting\AVS.Infra.CrossCutting\AVS.Infra.CrossCutting.csproj", "{54463565-C91A-4765-8BA8-B780E3D93EEC}"
EndProject
Project("{9A19103F-16F7-4668-BE54-9A1E7A4F7556}") = "AVS.Infra.Data", "src\Services\Infra\Data\AVS.Infra.Data\AVS.Infra.Data.csproj", "{4628C91B-1C4F-4B81-A341-4BE6AD9782F0}"
EndProject
Project("{9A19103F-16F7-4668-BE54-9A1E7A4F7556}") = "AVS.Banda.Data", "src\Services\Infra\Data\AVS.Banda.Data\AVS.Banda.Data.csproj", "{29DF1C4C-83FF-4B44-A8B2-4495F4DA340D}"
EndProject
Project("{9A19103F-16F7-4668-BE54-9A1E7A4F7556}") = "AVS.Banda.Application", "src\Services\Applications\AVS.Banda.Application\AVS.Banda.Application.csproj", "{65F22485-1B30-4D64-BB47-DA4F4A541F92}"
EndProject
Project("{E53339B2-1760-4266-BCC7-CA923CBCF16C}") = "docker-compose", "docker-compose.dcproj", "{4CDA0EBC-2181-4FBF-B4C7-E6DC2A03491B}"
EndProject
Global
	GlobalSection(SolutionConfigurationPlatforms) = preSolution
		Debug|Any CPU = Debug|Any CPU
		Release|Any CPU = Release|Any CPU
	EndGlobalSection
	GlobalSection(ProjectConfigurationPlatforms) = postSolution
		{BAF2F412-B1A5-46A7-842D-F442989764DB}.Debug|Any CPU.ActiveCfg = Debug|Any CPU
		{BAF2F412-B1A5-46A7-842D-F442989764DB}.Debug|Any CPU.Build.0 = Debug|Any CPU
		{BAF2F412-B1A5-46A7-842D-F442989764DB}.Release|Any CPU.ActiveCfg = Release|Any CPU
		{BAF2F412-B1A5-46A7-842D-F442989764DB}.Release|Any CPU.Build.0 = Release|Any CPU
		{83C28B74-25BF-4A3D-8C0B-91493A433044}.Debug|Any CPU.ActiveCfg = Debug|Any CPU
		{83C28B74-25BF-4A3D-8C0B-91493A433044}.Debug|Any CPU.Build.0 = Debug|Any CPU
		{83C28B74-25BF-4A3D-8C0B-91493A433044}.Release|Any CPU.ActiveCfg = Release|Any CPU
		{83C28B74-25BF-4A3D-8C0B-91493A433044}.Release|Any CPU.Build.0 = Release|Any CPU
		{C013DCF6-38C0-4451-B8A9-C1FE58C1D285}.Debug|Any CPU.ActiveCfg = Debug|Any CPU
		{C013DCF6-38C0-4451-B8A9-C1FE58C1D285}.Debug|Any CPU.Build.0 = Debug|Any CPU
		{C013DCF6-38C0-4451-B8A9-C1FE58C1D285}.Release|Any CPU.ActiveCfg = Release|Any CPU
		{C013DCF6-38C0-4451-B8A9-C1FE58C1D285}.Release|Any CPU.Build.0 = Release|Any CPU
		{76F03A47-540E-44F7-9D6D-8F4245876D49}.Debug|Any CPU.ActiveCfg = Debug|Any CPU
		{76F03A47-540E-44F7-9D6D-8F4245876D49}.Debug|Any CPU.Build.0 = Debug|Any CPU
		{76F03A47-540E-44F7-9D6D-8F4245876D49}.Release|Any CPU.ActiveCfg = Release|Any CPU
		{76F03A47-540E-44F7-9D6D-8F4245876D49}.Release|Any CPU.Build.0 = Release|Any CPU
		{7C5FF7EE-4EB5-4D55-A745-711C9E53BBE5}.Debug|Any CPU.ActiveCfg = Debug|Any CPU
		{7C5FF7EE-4EB5-4D55-A745-711C9E53BBE5}.Debug|Any CPU.Build.0 = Debug|Any CPU
		{7C5FF7EE-4EB5-4D55-A745-711C9E53BBE5}.Release|Any CPU.ActiveCfg = Release|Any CPU
		{7C5FF7EE-4EB5-4D55-A745-711C9E53BBE5}.Release|Any CPU.Build.0 = Release|Any CPU
		{9E10BEB3-E2B0-4125-BD4C-065ED48BBCAB}.Debug|Any CPU.ActiveCfg = Debug|Any CPU
		{9E10BEB3-E2B0-4125-BD4C-065ED48BBCAB}.Debug|Any CPU.Build.0 = Debug|Any CPU
		{9E10BEB3-E2B0-4125-BD4C-065ED48BBCAB}.Release|Any CPU.ActiveCfg = Release|Any CPU
		{9E10BEB3-E2B0-4125-BD4C-065ED48BBCAB}.Release|Any CPU.Build.0 = Release|Any CPU
		{1FA22FCB-F40D-4432-A823-AC6790915E95}.Debug|Any CPU.ActiveCfg = Debug|Any CPU
		{1FA22FCB-F40D-4432-A823-AC6790915E95}.Debug|Any CPU.Build.0 = Debug|Any CPU
		{1FA22FCB-F40D-4432-A823-AC6790915E95}.Release|Any CPU.ActiveCfg = Release|Any CPU
		{1FA22FCB-F40D-4432-A823-AC6790915E95}.Release|Any CPU.Build.0 = Release|Any CPU
		{2D9B9F2D-6024-4F25-AEFD-E5DA4F0412AC}.Debug|Any CPU.ActiveCfg = Debug|Any CPU
		{2D9B9F2D-6024-4F25-AEFD-E5DA4F0412AC}.Debug|Any CPU.Build.0 = Debug|Any CPU
		{2D9B9F2D-6024-4F25-AEFD-E5DA4F0412AC}.Release|Any CPU.ActiveCfg = Release|Any CPU
		{2D9B9F2D-6024-4F25-AEFD-E5DA4F0412AC}.Release|Any CPU.Build.0 = Release|Any CPU
		{15AB2BD0-CEDF-4E8D-8213-B5B870F4A2CC}.Debug|Any CPU.ActiveCfg = Debug|Any CPU
		{15AB2BD0-CEDF-4E8D-8213-B5B870F4A2CC}.Debug|Any CPU.Build.0 = Debug|Any CPU
		{15AB2BD0-CEDF-4E8D-8213-B5B870F4A2CC}.Release|Any CPU.ActiveCfg = Release|Any CPU
		{15AB2BD0-CEDF-4E8D-8213-B5B870F4A2CC}.Release|Any CPU.Build.0 = Release|Any CPU
		{F21D5CD0-6BEC-4695-B6FE-C683D28C857B}.Debug|Any CPU.ActiveCfg = Debug|Any CPU
		{F21D5CD0-6BEC-4695-B6FE-C683D28C857B}.Debug|Any CPU.Build.0 = Debug|Any CPU
		{F21D5CD0-6BEC-4695-B6FE-C683D28C857B}.Release|Any CPU.ActiveCfg = Release|Any CPU
		{F21D5CD0-6BEC-4695-B6FE-C683D28C857B}.Release|Any CPU.Build.0 = Release|Any CPU
		{D532B359-FAAD-42CB-9014-7F864800A666}.Debug|Any CPU.ActiveCfg = Debug|Any CPU
		{D532B359-FAAD-42CB-9014-7F864800A666}.Debug|Any CPU.Build.0 = Debug|Any CPU
		{D532B359-FAAD-42CB-9014-7F864800A666}.Release|Any CPU.ActiveCfg = Release|Any CPU
		{D532B359-FAAD-42CB-9014-7F864800A666}.Release|Any CPU.Build.0 = Release|Any CPU
		{CA041900-DAF1-4692-A117-267FC8F346FD}.Debug|Any CPU.ActiveCfg = Debug|Any CPU
		{CA041900-DAF1-4692-A117-267FC8F346FD}.Debug|Any CPU.Build.0 = Debug|Any CPU
		{CA041900-DAF1-4692-A117-267FC8F346FD}.Release|Any CPU.ActiveCfg = Release|Any CPU
		{CA041900-DAF1-4692-A117-267FC8F346FD}.Release|Any CPU.Build.0 = Release|Any CPU
		{670F9A20-50D9-445C-955D-7F9DE8395B36}.Debug|Any CPU.ActiveCfg = Debug|Any CPU
		{670F9A20-50D9-445C-955D-7F9DE8395B36}.Debug|Any CPU.Build.0 = Debug|Any CPU
		{670F9A20-50D9-445C-955D-7F9DE8395B36}.Release|Any CPU.ActiveCfg = Release|Any CPU
		{670F9A20-50D9-445C-955D-7F9DE8395B36}.Release|Any CPU.Build.0 = Release|Any CPU
		{35A2D370-B367-41F4-8E62-4A67798A8C24}.Debug|Any CPU.ActiveCfg = Debug|Any CPU
		{35A2D370-B367-41F4-8E62-4A67798A8C24}.Debug|Any CPU.Build.0 = Debug|Any CPU
		{35A2D370-B367-41F4-8E62-4A67798A8C24}.Release|Any CPU.ActiveCfg = Release|Any CPU
		{35A2D370-B367-41F4-8E62-4A67798A8C24}.Release|Any CPU.Build.0 = Release|Any CPU
		{6630B28B-359E-4FC6-9EE9-C9EFCF32286E}.Debug|Any CPU.ActiveCfg = Debug|Any CPU
		{6630B28B-359E-4FC6-9EE9-C9EFCF32286E}.Debug|Any CPU.Build.0 = Debug|Any CPU
		{6630B28B-359E-4FC6-9EE9-C9EFCF32286E}.Release|Any CPU.ActiveCfg = Release|Any CPU
		{6630B28B-359E-4FC6-9EE9-C9EFCF32286E}.Release|Any CPU.Build.0 = Release|Any CPU
		{67E46260-E960-4538-9FFB-86796E8E1741}.Debug|Any CPU.ActiveCfg = Debug|Any CPU
		{67E46260-E960-4538-9FFB-86796E8E1741}.Debug|Any CPU.Build.0 = Debug|Any CPU
		{67E46260-E960-4538-9FFB-86796E8E1741}.Release|Any CPU.ActiveCfg = Release|Any CPU
		{67E46260-E960-4538-9FFB-86796E8E1741}.Release|Any CPU.Build.0 = Release|Any CPU
		{A580EB3A-8EFE-49B1-8EE3-C0E3FF6E9FCA}.Debug|Any CPU.ActiveCfg = Debug|Any CPU
		{A580EB3A-8EFE-49B1-8EE3-C0E3FF6E9FCA}.Debug|Any CPU.Build.0 = Debug|Any CPU
		{A580EB3A-8EFE-49B1-8EE3-C0E3FF6E9FCA}.Release|Any CPU.ActiveCfg = Release|Any CPU
		{A580EB3A-8EFE-49B1-8EE3-C0E3FF6E9FCA}.Release|Any CPU.Build.0 = Release|Any CPU
		{0DF06314-1B09-4991-938A-C4917A7C513C}.Debug|Any CPU.ActiveCfg = Debug|Any CPU
		{0DF06314-1B09-4991-938A-C4917A7C513C}.Debug|Any CPU.Build.0 = Debug|Any CPU
		{0DF06314-1B09-4991-938A-C4917A7C513C}.Release|Any CPU.ActiveCfg = Release|Any CPU
		{0DF06314-1B09-4991-938A-C4917A7C513C}.Release|Any CPU.Build.0 = Release|Any CPU
		{CBFB4501-716D-40AA-9CEF-FCB90894A877}.Debug|Any CPU.ActiveCfg = Debug|Any CPU
		{CBFB4501-716D-40AA-9CEF-FCB90894A877}.Debug|Any CPU.Build.0 = Debug|Any CPU
		{CBFB4501-716D-40AA-9CEF-FCB90894A877}.Release|Any CPU.ActiveCfg = Release|Any CPU
		{CBFB4501-716D-40AA-9CEF-FCB90894A877}.Release|Any CPU.Build.0 = Release|Any CPU
		{158EF799-485F-4A94-982B-1B8C3CE4EDA3}.Debug|Any CPU.ActiveCfg = Debug|Any CPU
		{158EF799-485F-4A94-982B-1B8C3CE4EDA3}.Debug|Any CPU.Build.0 = Debug|Any CPU
		{158EF799-485F-4A94-982B-1B8C3CE4EDA3}.Release|Any CPU.ActiveCfg = Release|Any CPU
		{158EF799-485F-4A94-982B-1B8C3CE4EDA3}.Release|Any CPU.Build.0 = Release|Any CPU
		{CC87D3A3-4798-42BF-BAA2-D5F7AC402666}.Debug|Any CPU.ActiveCfg = Debug|Any CPU
		{CC87D3A3-4798-42BF-BAA2-D5F7AC402666}.Debug|Any CPU.Build.0 = Debug|Any CPU
		{CC87D3A3-4798-42BF-BAA2-D5F7AC402666}.Release|Any CPU.ActiveCfg = Release|Any CPU
		{CC87D3A3-4798-42BF-BAA2-D5F7AC402666}.Release|Any CPU.Build.0 = Release|Any CPU
		{54463565-C91A-4765-8BA8-B780E3D93EEC}.Debug|Any CPU.ActiveCfg = Debug|Any CPU
		{54463565-C91A-4765-8BA8-B780E3D93EEC}.Debug|Any CPU.Build.0 = Debug|Any CPU
		{54463565-C91A-4765-8BA8-B780E3D93EEC}.Release|Any CPU.ActiveCfg = Release|Any CPU
		{54463565-C91A-4765-8BA8-B780E3D93EEC}.Release|Any CPU.Build.0 = Release|Any CPU
		{4628C91B-1C4F-4B81-A341-4BE6AD9782F0}.Debug|Any CPU.ActiveCfg = Debug|Any CPU
		{4628C91B-1C4F-4B81-A341-4BE6AD9782F0}.Debug|Any CPU.Build.0 = Debug|Any CPU
		{4628C91B-1C4F-4B81-A341-4BE6AD9782F0}.Release|Any CPU.ActiveCfg = Release|Any CPU
		{4628C91B-1C4F-4B81-A341-4BE6AD9782F0}.Release|Any CPU.Build.0 = Release|Any CPU
		{29DF1C4C-83FF-4B44-A8B2-4495F4DA340D}.Debug|Any CPU.ActiveCfg = Debug|Any CPU
		{29DF1C4C-83FF-4B44-A8B2-4495F4DA340D}.Debug|Any CPU.Build.0 = Debug|Any CPU
		{29DF1C4C-83FF-4B44-A8B2-4495F4DA340D}.Release|Any CPU.ActiveCfg = Release|Any CPU
		{29DF1C4C-83FF-4B44-A8B2-4495F4DA340D}.Release|Any CPU.Build.0 = Release|Any CPU
		{65F22485-1B30-4D64-BB47-DA4F4A541F92}.Debug|Any CPU.ActiveCfg = Debug|Any CPU
		{65F22485-1B30-4D64-BB47-DA4F4A541F92}.Debug|Any CPU.Build.0 = Debug|Any CPU
		{65F22485-1B30-4D64-BB47-DA4F4A541F92}.Release|Any CPU.ActiveCfg = Release|Any CPU
		{65F22485-1B30-4D64-BB47-DA4F4A541F92}.Release|Any CPU.Build.0 = Release|Any CPU
		{4CDA0EBC-2181-4FBF-B4C7-E6DC2A03491B}.Debug|Any CPU.ActiveCfg = Debug|Any CPU
		{4CDA0EBC-2181-4FBF-B4C7-E6DC2A03491B}.Debug|Any CPU.Build.0 = Debug|Any CPU
		{4CDA0EBC-2181-4FBF-B4C7-E6DC2A03491B}.Release|Any CPU.ActiveCfg = Release|Any CPU
		{4CDA0EBC-2181-4FBF-B4C7-E6DC2A03491B}.Release|Any CPU.Build.0 = Release|Any CPU
	EndGlobalSection
	GlobalSection(SolutionProperties) = preSolution
		HideSolutionNode = FALSE
	EndGlobalSection
	GlobalSection(NestedProjects) = preSolution
		{422B9B48-86D5-42BF-BAF7-DF8AEC16F7D1} = {B2E09202-A28B-43E2-B74D-7B35C10D160F}
		{952A48E2-2990-4A2C-B3BE-8BD27B5FFF39} = {B2E09202-A28B-43E2-B74D-7B35C10D160F}
		{2842AADC-C7BA-405B-B40B-92FE816E5898} = {B2E09202-A28B-43E2-B74D-7B35C10D160F}
		{7E503A22-C30A-4AC1-A3AB-2EBFAC5B68D0} = {B2E09202-A28B-43E2-B74D-7B35C10D160F}
		{8FF852C6-404A-4203-8740-A053D98530F0} = {B2E09202-A28B-43E2-B74D-7B35C10D160F}
		{55D29C16-CDEE-4F18-A100-D104447FE6D7} = {B2E09202-A28B-43E2-B74D-7B35C10D160F}
		{BAF2F412-B1A5-46A7-842D-F442989764DB} = {984FF612-4F02-4BB2-9181-2696BDD1C3D4}
		{984FF612-4F02-4BB2-9181-2696BDD1C3D4} = {DD97092D-88D4-4BCD-9026-8CB1FE9F956A}
		{83C28B74-25BF-4A3D-8C0B-91493A433044} = {422B9B48-86D5-42BF-BAF7-DF8AEC16F7D1}
		{C013DCF6-38C0-4451-B8A9-C1FE58C1D285} = {422B9B48-86D5-42BF-BAF7-DF8AEC16F7D1}
		{76F03A47-540E-44F7-9D6D-8F4245876D49} = {422B9B48-86D5-42BF-BAF7-DF8AEC16F7D1}
		{7C5FF7EE-4EB5-4D55-A745-711C9E53BBE5} = {952A48E2-2990-4A2C-B3BE-8BD27B5FFF39}
		{9E10BEB3-E2B0-4125-BD4C-065ED48BBCAB} = {2842AADC-C7BA-405B-B40B-92FE816E5898}
		{1FA22FCB-F40D-4432-A823-AC6790915E95} = {2842AADC-C7BA-405B-B40B-92FE816E5898}
		{2D9B9F2D-6024-4F25-AEFD-E5DA4F0412AC} = {2842AADC-C7BA-405B-B40B-92FE816E5898}
		{15AB2BD0-CEDF-4E8D-8213-B5B870F4A2CC} = {7E503A22-C30A-4AC1-A3AB-2EBFAC5B68D0}
		{F21D5CD0-6BEC-4695-B6FE-C683D28C857B} = {7E503A22-C30A-4AC1-A3AB-2EBFAC5B68D0}
		{D532B359-FAAD-42CB-9014-7F864800A666} = {7E503A22-C30A-4AC1-A3AB-2EBFAC5B68D0}
		{CA041900-DAF1-4692-A117-267FC8F346FD} = {8FF852C6-404A-4203-8740-A053D98530F0}
		{670F9A20-50D9-445C-955D-7F9DE8395B36} = {8FF852C6-404A-4203-8740-A053D98530F0}
		{35A2D370-B367-41F4-8E62-4A67798A8C24} = {8FF852C6-404A-4203-8740-A053D98530F0}
		{6630B28B-359E-4FC6-9EE9-C9EFCF32286E} = {55D29C16-CDEE-4F18-A100-D104447FE6D7}
		{67E46260-E960-4538-9FFB-86796E8E1741} = {55D29C16-CDEE-4F18-A100-D104447FE6D7}
		{A580EB3A-8EFE-49B1-8EE3-C0E3FF6E9FCA} = {55D29C16-CDEE-4F18-A100-D104447FE6D7}
		{0DF06314-1B09-4991-938A-C4917A7C513C} = {3D98E6AF-3E96-4EB6-AA5E-B732AE0C3744}
		{2633F3E0-E3EC-4701-A66D-2C188C3A84B7} = {B2E09202-A28B-43E2-B74D-7B35C10D160F}
		{CBFB4501-716D-40AA-9CEF-FCB90894A877} = {2633F3E0-E3EC-4701-A66D-2C188C3A84B7}
		{1C40EBFA-63B2-431F-8EDA-45209377081C} = {B2E09202-A28B-43E2-B74D-7B35C10D160F}
		{158EF799-485F-4A94-982B-1B8C3CE4EDA3} = {1C40EBFA-63B2-431F-8EDA-45209377081C}
		{2AF7F1C1-3538-4481-A8E9-75AAC32C4917} = {00E3C3EB-3552-4E3B-AE2A-F2F5B99CA0EE}
		{CC87D3A3-4798-42BF-BAA2-D5F7AC402666} = {2AF7F1C1-3538-4481-A8E9-75AAC32C4917}
		{54463565-C91A-4765-8BA8-B780E3D93EEC} = {952A48E2-2990-4A2C-B3BE-8BD27B5FFF39}
		{4628C91B-1C4F-4B81-A341-4BE6AD9782F0} = {952A48E2-2990-4A2C-B3BE-8BD27B5FFF39}
		{29DF1C4C-83FF-4B44-A8B2-4495F4DA340D} = {1C40EBFA-63B2-431F-8EDA-45209377081C}
		{65F22485-1B30-4D64-BB47-DA4F4A541F92} = {1C40EBFA-63B2-431F-8EDA-45209377081C}
	EndGlobalSection
	GlobalSection(ExtensibilityGlobals) = postSolution
		SolutionGuid = {1B55AC72-4D7C-4512-9350-0E8F35DE0878}
	EndGlobalSection
EndGlobal
